
Microsoft Visual Studio Solution File, Format Version 12.00
# Visual Studio 2013
VisualStudioVersion = 12.0.30501.0
MinimumVisualStudioVersion = 10.0.40219.1
Project("{FAE04EC0-301F-11D3-BF4B-00C04F79EFBC}") = "Core", "Core\Core.csproj", "{4E845818-76A2-4A67-849F-F06EC7ABE9E3}"
EndProject
Project("{FAE04EC0-301F-11D3-BF4B-00C04F79EFBC}") = "ConsoleRunner", "ConsoleRunner\ConsoleRunner.csproj", "{08D634F9-0616-40B2-B66C-D60837A591F3}"
EndProject
Project("{2150E333-8FDC-42A3-9474-1A3956D46DE8}") = ".nuget", ".nuget", "{AA4C88B3-8D7D-456E-B9E4-A1D04D157844}"
	ProjectSection(SolutionItems) = preProject
		.nuget\NuGet.Config = .nuget\NuGet.Config
		.nuget\NuGet.exe = .nuget\NuGet.exe
		.nuget\NuGet.targets = .nuget\NuGet.targets
	EndProjectSection
EndProject
Global
	GlobalSection(SolutionConfigurationPlatforms) = preSolution
		Debug|Any CPU = Debug|Any CPU
		Release|Any CPU = Release|Any CPU
	EndGlobalSection
	GlobalSection(ProjectConfigurationPlatforms) = postSolution
		{4E845818-76A2-4A67-849F-F06EC7ABE9E3}.Debug|Any CPU.ActiveCfg = Debug|Any CPU
		{4E845818-76A2-4A67-849F-F06EC7ABE9E3}.Debug|Any CPU.Build.0 = Debug|Any CPU
		{4E845818-76A2-4A67-849F-F06EC7ABE9E3}.Release|Any CPU.ActiveCfg = Release|Any CPU
		{4E845818-76A2-4A67-849F-F06EC7ABE9E3}.Release|Any CPU.Build.0 = Release|Any CPU
		{08D634F9-0616-40B2-B66C-D60837A591F3}.Debug|Any CPU.ActiveCfg = Debug|Any CPU
		{08D634F9-0616-40B2-B66C-D60837A591F3}.Debug|Any CPU.Build.0 = Debug|Any CPU
		{08D634F9-0616-40B2-B66C-D60837A591F3}.Release|Any CPU.ActiveCfg = Release|Any CPU
		{08D634F9-0616-40B2-B66C-D60837A591F3}.Release|Any CPU.Build.0 = Release|Any CPU
	EndGlobalSection
	GlobalSection(SolutionProperties) = preSolution
		HideSolutionNode = FALSE
	EndGlobalSection
EndGlobal
